
Microsoft Visual Studio Solution File, Format Version 12.00
# Visual Studio 14
VisualStudioVersion = 14.0.25420.1
MinimumVisualStudioVersion = 10.0.40219.1
Project("{FAE04EC0-301F-11D3-BF4B-00C04F79EFBC}") = "punto1", "punto1\punto1.csproj", "{FCE7696E-ED69-459D-A186-CB166DDBFAE8}"
EndProject
Global
	GlobalSection(SolutionConfigurationPlatforms) = preSolution
		Debug|Any CPU = Debug|Any CPU
		Release|Any CPU = Release|Any CPU
	EndGlobalSection
	GlobalSection(ProjectConfigurationPlatforms) = postSolution
		{FCE7696E-ED69-459D-A186-CB166DDBFAE8}.Debug|Any CPU.ActiveCfg = Debug|Any CPU
		{FCE7696E-ED69-459D-A186-CB166DDBFAE8}.Debug|Any CPU.Build.0 = Debug|Any CPU
		{FCE7696E-ED69-459D-A186-CB166DDBFAE8}.Release|Any CPU.ActiveCfg = Release|Any CPU
		{FCE7696E-ED69-459D-A186-CB166DDBFAE8}.Release|Any CPU.Build.0 = Release|Any CPU
	EndGlobalSection
	GlobalSection(SolutionProperties) = preSolution
		HideSolutionNode = FALSE
	EndGlobalSection
EndGlobal
